// !$*UTF8*$!
{
	archiveVersion = 1;
	classes = {
	};
	objectVersion = 50;
	objects = {

/* Begin PBXBuildFile section */
		3329CC9221ECB183003421D1 /* AppDelegate.swift in Sources */ = {isa = PBXBuildFile; fileRef = 3329CC9121ECB183003421D1 /* AppDelegate.swift */; };
		3329CC9421ECB183003421D1 /* ViewController.swift in Sources */ = {isa = PBXBuildFile; fileRef = 3329CC9321ECB183003421D1 /* ViewController.swift */; };
		3329CC9721ECB183003421D1 /* Main.storyboard in Resources */ = {isa = PBXBuildFile; fileRef = 3329CC9521ECB183003421D1 /* Main.storyboard */; };
		3329CC9921ECB187003421D1 /* Assets.xcassets in Resources */ = {isa = PBXBuildFile; fileRef = 3329CC9821ECB187003421D1 /* Assets.xcassets */; };
		3329CC9C21ECB187003421D1 /* LaunchScreen.storyboard in Resources */ = {isa = PBXBuildFile; fileRef = 3329CC9A21ECB187003421D1 /* LaunchScreen.storyboard */; };
		3329CCA721ECB187003421D1 /* CassbySDKTestTests.swift in Sources */ = {isa = PBXBuildFile; fileRef = 3329CCA621ECB187003421D1 /* CassbySDKTestTests.swift */; };
		3329CCB221ECB187003421D1 /* CassbySDKTestUITests.swift in Sources */ = {isa = PBXBuildFile; fileRef = 3329CCB121ECB187003421D1 /* CassbySDKTestUITests.swift */; };
		8C52FC512233B1A600D28C35 /* CassbySDK.framework in Frameworks */ = {isa = PBXBuildFile; fileRef = 8C52FC502233B1A600D28C35 /* CassbySDK.framework */; };
		8C52FC532233B1FC00D28C35 /* CassbySDK.framework in Embed Frameworks */ = {isa = PBXBuildFile; fileRef = 8C52FC502233B1A600D28C35 /* CassbySDK.framework */; settings = {ATTRIBUTES = (CodeSignOnCopy, RemoveHeadersOnCopy, ); }; };
		8C52FC592234BE4100D28C35 /* SnapKit.framework in Frameworks */ = {isa = PBXBuildFile; fileRef = 8C52FC572234BE3200D28C35 /* SnapKit.framework */; };
		8C52FC5A2234BE4100D28C35 /* SnapKit.framework in Embed Frameworks */ = {isa = PBXBuildFile; fileRef = 8C52FC572234BE3200D28C35 /* SnapKit.framework */; settings = {ATTRIBUTES = (CodeSignOnCopy, RemoveHeadersOnCopy, ); }; };
/* End PBXBuildFile section */

/* Begin PBXContainerItemProxy section */
		3329CCA321ECB187003421D1 /* PBXContainerItemProxy */ = {
			isa = PBXContainerItemProxy;
			containerPortal = 3329CC8621ECB183003421D1 /* Project object */;
			proxyType = 1;
			remoteGlobalIDString = 3329CC8D21ECB183003421D1;
			remoteInfo = CassbySDKTest;
		};
		3329CCAE21ECB187003421D1 /* PBXContainerItemProxy */ = {
			isa = PBXContainerItemProxy;
			containerPortal = 3329CC8621ECB183003421D1 /* Project object */;
			proxyType = 1;
			remoteGlobalIDString = 3329CC8D21ECB183003421D1;
			remoteInfo = CassbySDKTest;
		};
/* End PBXContainerItemProxy section */

/* Begin PBXCopyFilesBuildPhase section */
		3329CCC621ECB3CA003421D1 /* Embed Frameworks */ = {
			isa = PBXCopyFilesBuildPhase;
			buildActionMask = 2147483647;
			dstPath = "";
			dstSubfolderSpec = 10;
			files = (
				8C52FC532233B1FC00D28C35 /* CassbySDK.framework in Embed Frameworks */,
				8C52FC5A2234BE4100D28C35 /* SnapKit.framework in Embed Frameworks */,
			);
			name = "Embed Frameworks";
			runOnlyForDeploymentPostprocessing = 0;
		};
/* End PBXCopyFilesBuildPhase section */

/* Begin PBXFileReference section */
		3329CC8E21ECB183003421D1 /* CassbySDKTest.app */ = {isa = PBXFileReference; explicitFileType = wrapper.application; includeInIndex = 0; path = CassbySDKTest.app; sourceTree = BUILT_PRODUCTS_DIR; };
		3329CC9121ECB183003421D1 /* AppDelegate.swift */ = {isa = PBXFileReference; lastKnownFileType = sourcecode.swift; path = AppDelegate.swift; sourceTree = "<group>"; };
		3329CC9321ECB183003421D1 /* ViewController.swift */ = {isa = PBXFileReference; lastKnownFileType = sourcecode.swift; path = ViewController.swift; sourceTree = "<group>"; };
		3329CC9621ECB183003421D1 /* Base */ = {isa = PBXFileReference; lastKnownFileType = file.storyboard; name = Base; path = Base.lproj/Main.storyboard; sourceTree = "<group>"; };
		3329CC9821ECB187003421D1 /* Assets.xcassets */ = {isa = PBXFileReference; lastKnownFileType = folder.assetcatalog; path = Assets.xcassets; sourceTree = "<group>"; };
		3329CC9B21ECB187003421D1 /* Base */ = {isa = PBXFileReference; lastKnownFileType = file.storyboard; name = Base; path = Base.lproj/LaunchScreen.storyboard; sourceTree = "<group>"; };
		3329CC9D21ECB187003421D1 /* Info.plist */ = {isa = PBXFileReference; lastKnownFileType = text.plist.xml; path = Info.plist; sourceTree = "<group>"; };
		3329CCA221ECB187003421D1 /* CassbySDKTestTests.xctest */ = {isa = PBXFileReference; explicitFileType = wrapper.cfbundle; includeInIndex = 0; path = CassbySDKTestTests.xctest; sourceTree = BUILT_PRODUCTS_DIR; };
		3329CCA621ECB187003421D1 /* CassbySDKTestTests.swift */ = {isa = PBXFileReference; lastKnownFileType = sourcecode.swift; path = CassbySDKTestTests.swift; sourceTree = "<group>"; };
		3329CCA821ECB187003421D1 /* Info.plist */ = {isa = PBXFileReference; lastKnownFileType = text.plist.xml; path = Info.plist; sourceTree = "<group>"; };
		3329CCAD21ECB187003421D1 /* CassbySDKTestUITests.xctest */ = {isa = PBXFileReference; explicitFileType = wrapper.cfbundle; includeInIndex = 0; path = CassbySDKTestUITests.xctest; sourceTree = BUILT_PRODUCTS_DIR; };
		3329CCB121ECB187003421D1 /* CassbySDKTestUITests.swift */ = {isa = PBXFileReference; lastKnownFileType = sourcecode.swift; path = CassbySDKTestUITests.swift; sourceTree = "<group>"; };
		3329CCB321ECB187003421D1 /* Info.plist */ = {isa = PBXFileReference; lastKnownFileType = text.plist.xml; path = Info.plist; sourceTree = "<group>"; };
		8C52FC502233B1A600D28C35 /* CassbySDK.framework */ = {isa = PBXFileReference; lastKnownFileType = wrapper.framework; path = CassbySDK.framework; sourceTree = "<group>"; };
		8C52FC572234BE3200D28C35 /* SnapKit.framework */ = {isa = PBXFileReference; lastKnownFileType = wrapper.framework; name = SnapKit.framework; path = Carthage/Build/iOS/SnapKit.framework; sourceTree = SOURCE_ROOT; };
/* End PBXFileReference section */

/* Begin PBXFrameworksBuildPhase section */
		3329CC8B21ECB183003421D1 /* Frameworks */ = {
			isa = PBXFrameworksBuildPhase;
			buildActionMask = 2147483647;
			files = (
				8C52FC512233B1A600D28C35 /* CassbySDK.framework in Frameworks */,
				8C52FC592234BE4100D28C35 /* SnapKit.framework in Frameworks */,
			);
			runOnlyForDeploymentPostprocessing = 0;
		};
		3329CC9F21ECB187003421D1 /* Frameworks */ = {
			isa = PBXFrameworksBuildPhase;
			buildActionMask = 2147483647;
			files = (
			);
			runOnlyForDeploymentPostprocessing = 0;
		};
		3329CCAA21ECB187003421D1 /* Frameworks */ = {
			isa = PBXFrameworksBuildPhase;
			buildActionMask = 2147483647;
			files = (
			);
			runOnlyForDeploymentPostprocessing = 0;
		};
/* End PBXFrameworksBuildPhase section */

/* Begin PBXGroup section */
		3329CC8521ECB183003421D1 = {
			isa = PBXGroup;
			children = (
				3329CC9021ECB183003421D1 /* CassbySDKTest */,
				3329CCA521ECB187003421D1 /* CassbySDKTestTests */,
				3329CCB021ECB187003421D1 /* CassbySDKTestUITests */,
				3329CC8F21ECB183003421D1 /* Products */,
				3339223321ECFB8B00AFBC11 /* Frameworks */,
			);
			sourceTree = "<group>";
		};
		3329CC8F21ECB183003421D1 /* Products */ = {
			isa = PBXGroup;
			children = (
				3329CC8E21ECB183003421D1 /* CassbySDKTest.app */,
				3329CCA221ECB187003421D1 /* CassbySDKTestTests.xctest */,
				3329CCAD21ECB187003421D1 /* CassbySDKTestUITests.xctest */,
			);
			name = Products;
			sourceTree = "<group>";
		};
		3329CC9021ECB183003421D1 /* CassbySDKTest */ = {
			isa = PBXGroup;
			children = (
				8C52FC502233B1A600D28C35 /* CassbySDK.framework */,
				8C52FC572234BE3200D28C35 /* SnapKit.framework */,
				3329CC9121ECB183003421D1 /* AppDelegate.swift */,
				3329CC9321ECB183003421D1 /* ViewController.swift */,
				3329CC9521ECB183003421D1 /* Main.storyboard */,
				3329CC9821ECB187003421D1 /* Assets.xcassets */,
				3329CC9A21ECB187003421D1 /* LaunchScreen.storyboard */,
				3329CC9D21ECB187003421D1 /* Info.plist */,
			);
			path = CassbySDKTest;
			sourceTree = "<group>";
		};
		3329CCA521ECB187003421D1 /* CassbySDKTestTests */ = {
			isa = PBXGroup;
			children = (
				3329CCA621ECB187003421D1 /* CassbySDKTestTests.swift */,
				3329CCA821ECB187003421D1 /* Info.plist */,
			);
			path = CassbySDKTestTests;
			sourceTree = "<group>";
		};
		3329CCB021ECB187003421D1 /* CassbySDKTestUITests */ = {
			isa = PBXGroup;
			children = (
				3329CCB121ECB187003421D1 /* CassbySDKTestUITests.swift */,
				3329CCB321ECB187003421D1 /* Info.plist */,
			);
			path = CassbySDKTestUITests;
			sourceTree = "<group>";
		};
		3339223321ECFB8B00AFBC11 /* Frameworks */ = {
			isa = PBXGroup;
			children = (
			);
			name = Frameworks;
			sourceTree = "<group>";
		};
/* End PBXGroup section */

/* Begin PBXNativeTarget section */
		3329CC8D21ECB183003421D1 /* CassbySDKTest */ = {
			isa = PBXNativeTarget;
			buildConfigurationList = 3329CCB621ECB187003421D1 /* Build configuration list for PBXNativeTarget "CassbySDKTest" */;
			buildPhases = (
				3329CC8A21ECB183003421D1 /* Sources */,
				3329CC8B21ECB183003421D1 /* Frameworks */,
				3329CC8C21ECB183003421D1 /* Resources */,
				3329CCC621ECB3CA003421D1 /* Embed Frameworks */,
			);
			buildRules = (
			);
			dependencies = (
			);
			name = CassbySDKTest;
			productName = CassbySDKTest;
			productReference = 3329CC8E21ECB183003421D1 /* CassbySDKTest.app */;
			productType = "com.apple.product-type.application";
		};
		3329CCA121ECB187003421D1 /* CassbySDKTestTests */ = {
			isa = PBXNativeTarget;
			buildConfigurationList = 3329CCB921ECB187003421D1 /* Build configuration list for PBXNativeTarget "CassbySDKTestTests" */;
			buildPhases = (
				3329CC9E21ECB187003421D1 /* Sources */,
				3329CC9F21ECB187003421D1 /* Frameworks */,
				3329CCA021ECB187003421D1 /* Resources */,
			);
			buildRules = (
			);
			dependencies = (
				3329CCA421ECB187003421D1 /* PBXTargetDependency */,
			);
			name = CassbySDKTestTests;
			productName = CassbySDKTestTests;
			productReference = 3329CCA221ECB187003421D1 /* CassbySDKTestTests.xctest */;
			productType = "com.apple.product-type.bundle.unit-test";
		};
		3329CCAC21ECB187003421D1 /* CassbySDKTestUITests */ = {
			isa = PBXNativeTarget;
			buildConfigurationList = 3329CCBC21ECB187003421D1 /* Build configuration list for PBXNativeTarget "CassbySDKTestUITests" */;
			buildPhases = (
				3329CCA921ECB187003421D1 /* Sources */,
				3329CCAA21ECB187003421D1 /* Frameworks */,
				3329CCAB21ECB187003421D1 /* Resources */,
			);
			buildRules = (
			);
			dependencies = (
				3329CCAF21ECB187003421D1 /* PBXTargetDependency */,
			);
			name = CassbySDKTestUITests;
			productName = CassbySDKTestUITests;
			productReference = 3329CCAD21ECB187003421D1 /* CassbySDKTestUITests.xctest */;
			productType = "com.apple.product-type.bundle.ui-testing";
		};
/* End PBXNativeTarget section */

/* Begin PBXProject section */
		3329CC8621ECB183003421D1 /* Project object */ = {
			isa = PBXProject;
			attributes = {
				LastSwiftUpdateCheck = 1010;
				LastUpgradeCheck = 1010;
				ORGANIZATIONNAME = Alexey;
				TargetAttributes = {
					3329CC8D21ECB183003421D1 = {
						CreatedOnToolsVersion = 10.1;
					};
					3329CCA121ECB187003421D1 = {
						CreatedOnToolsVersion = 10.1;
						TestTargetID = 3329CC8D21ECB183003421D1;
					};
					3329CCAC21ECB187003421D1 = {
						CreatedOnToolsVersion = 10.1;
						TestTargetID = 3329CC8D21ECB183003421D1;
					};
				};
			};
			buildConfigurationList = 3329CC8921ECB183003421D1 /* Build configuration list for PBXProject "CassbySDKTest" */;
			compatibilityVersion = "Xcode 9.3";
			developmentRegion = en;
			hasScannedForEncodings = 0;
			knownRegions = (
				en,
				Base,
			);
			mainGroup = 3329CC8521ECB183003421D1;
			productRefGroup = 3329CC8F21ECB183003421D1 /* Products */;
			projectDirPath = "";
			projectRoot = "";
			targets = (
				3329CC8D21ECB183003421D1 /* CassbySDKTest */,
				3329CCA121ECB187003421D1 /* CassbySDKTestTests */,
				3329CCAC21ECB187003421D1 /* CassbySDKTestUITests */,
			);
		};
/* End PBXProject section */

/* Begin PBXResourcesBuildPhase section */
		3329CC8C21ECB183003421D1 /* Resources */ = {
			isa = PBXResourcesBuildPhase;
			buildActionMask = 2147483647;
			files = (
				3329CC9C21ECB187003421D1 /* LaunchScreen.storyboard in Resources */,
				3329CC9921ECB187003421D1 /* Assets.xcassets in Resources */,
				3329CC9721ECB183003421D1 /* Main.storyboard in Resources */,
			);
			runOnlyForDeploymentPostprocessing = 0;
		};
		3329CCA021ECB187003421D1 /* Resources */ = {
			isa = PBXResourcesBuildPhase;
			buildActionMask = 2147483647;
			files = (
			);
			runOnlyForDeploymentPostprocessing = 0;
		};
		3329CCAB21ECB187003421D1 /* Resources */ = {
			isa = PBXResourcesBuildPhase;
			buildActionMask = 2147483647;
			files = (
			);
			runOnlyForDeploymentPostprocessing = 0;
		};
/* End PBXResourcesBuildPhase section */

/* Begin PBXSourcesBuildPhase section */
		3329CC8A21ECB183003421D1 /* Sources */ = {
			isa = PBXSourcesBuildPhase;
			buildActionMask = 2147483647;
			files = (
				3329CC9421ECB183003421D1 /* ViewController.swift in Sources */,
				3329CC9221ECB183003421D1 /* AppDelegate.swift in Sources */,
			);
			runOnlyForDeploymentPostprocessing = 0;
		};
		3329CC9E21ECB187003421D1 /* Sources */ = {
			isa = PBXSourcesBuildPhase;
			buildActionMask = 2147483647;
			files = (
				3329CCA721ECB187003421D1 /* CassbySDKTestTests.swift in Sources */,
			);
			runOnlyForDeploymentPostprocessing = 0;
		};
		3329CCA921ECB187003421D1 /* Sources */ = {
			isa = PBXSourcesBuildPhase;
			buildActionMask = 2147483647;
			files = (
				3329CCB221ECB187003421D1 /* CassbySDKTestUITests.swift in Sources */,
			);
			runOnlyForDeploymentPostprocessing = 0;
		};
/* End PBXSourcesBuildPhase section */

/* Begin PBXTargetDependency section */
		3329CCA421ECB187003421D1 /* PBXTargetDependency */ = {
			isa = PBXTargetDependency;
			target = 3329CC8D21ECB183003421D1 /* CassbySDKTest */;
			targetProxy = 3329CCA321ECB187003421D1 /* PBXContainerItemProxy */;
		};
		3329CCAF21ECB187003421D1 /* PBXTargetDependency */ = {
			isa = PBXTargetDependency;
			target = 3329CC8D21ECB183003421D1 /* CassbySDKTest */;
			targetProxy = 3329CCAE21ECB187003421D1 /* PBXContainerItemProxy */;
		};
/* End PBXTargetDependency section */

/* Begin PBXVariantGroup section */
		3329CC9521ECB183003421D1 /* Main.storyboard */ = {
			isa = PBXVariantGroup;
			children = (
				3329CC9621ECB183003421D1 /* Base */,
			);
			name = Main.storyboard;
			sourceTree = "<group>";
		};
		3329CC9A21ECB187003421D1 /* LaunchScreen.storyboard */ = {
			isa = PBXVariantGroup;
			children = (
				3329CC9B21ECB187003421D1 /* Base */,
			);
			name = LaunchScreen.storyboard;
			sourceTree = "<group>";
		};
/* End PBXVariantGroup section */

/* Begin XCBuildConfiguration section */
		3329CCB421ECB187003421D1 /* Debug */ = {
			isa = XCBuildConfiguration;
			buildSettings = {
				ALWAYS_SEARCH_USER_PATHS = NO;
				CLANG_ANALYZER_NONNULL = YES;
				CLANG_ANALYZER_NUMBER_OBJECT_CONVERSION = YES_AGGRESSIVE;
				CLANG_CXX_LANGUAGE_STANDARD = "gnu++14";
				CLANG_CXX_LIBRARY = "libc++";
				CLANG_ENABLE_MODULES = YES;
				CLANG_ENABLE_OBJC_ARC = YES;
				CLANG_ENABLE_OBJC_WEAK = YES;
				CLANG_WARN_BLOCK_CAPTURE_AUTORELEASING = YES;
				CLANG_WARN_BOOL_CONVERSION = YES;
				CLANG_WARN_COMMA = YES;
				CLANG_WARN_CONSTANT_CONVERSION = YES;
				CLANG_WARN_DEPRECATED_OBJC_IMPLEMENTATIONS = YES;
				CLANG_WARN_DIRECT_OBJC_ISA_USAGE = YES_ERROR;
				CLANG_WARN_DOCUMENTATION_COMMENTS = YES;
				CLANG_WARN_EMPTY_BODY = YES;
				CLANG_WARN_ENUM_CONVERSION = YES;
				CLANG_WARN_INFINITE_RECURSION = YES;
				CLANG_WARN_INT_CONVERSION = YES;
				CLANG_WARN_NON_LITERAL_NULL_CONVERSION = YES;
				CLANG_WARN_OBJC_IMPLICIT_RETAIN_SELF = YES;
				CLANG_WARN_OBJC_LITERAL_CONVERSION = YES;
				CLANG_WARN_OBJC_ROOT_CLASS = YES_ERROR;
				CLANG_WARN_RANGE_LOOP_ANALYSIS = YES;
				CLANG_WARN_STRICT_PROTOTYPES = YES;
				CLANG_WARN_SUSPICIOUS_MOVE = YES;
				CLANG_WARN_UNGUARDED_AVAILABILITY = YES_AGGRESSIVE;
				CLANG_WARN_UNREACHABLE_CODE = YES;
				CLANG_WARN__DUPLICATE_METHOD_MATCH = YES;
				CODE_SIGN_IDENTITY = "iPhone Developer";
				COPY_PHASE_STRIP = NO;
				DEBUG_INFORMATION_FORMAT = dwarf;
				ENABLE_STRICT_OBJC_MSGSEND = YES;
				ENABLE_TESTABILITY = YES;
				GCC_C_LANGUAGE_STANDARD = gnu11;
				GCC_DYNAMIC_NO_PIC = NO;
				GCC_NO_COMMON_BLOCKS = YES;
				GCC_OPTIMIZATION_LEVEL = 0;
				GCC_PREPROCESSOR_DEFINITIONS = (
					"DEBUG=1",
					"$(inherited)",
				);
				GCC_WARN_64_TO_32_BIT_CONVERSION = YES;
				GCC_WARN_ABOUT_RETURN_TYPE = YES_ERROR;
				GCC_WARN_UNDECLARED_SELECTOR = YES;
				GCC_WARN_UNINITIALIZED_AUTOS = YES_AGGRESSIVE;
				GCC_WARN_UNUSED_FUNCTION = YES;
				GCC_WARN_UNUSED_VARIABLE = YES;
				IPHONEOS_DEPLOYMENT_TARGET = 12.1;
				MTL_ENABLE_DEBUG_INFO = INCLUDE_SOURCE;
				MTL_FAST_MATH = YES;
				ONLY_ACTIVE_ARCH = YES;
				SDKROOT = iphoneos;
				SWIFT_ACTIVE_COMPILATION_CONDITIONS = DEBUG;
				SWIFT_OPTIMIZATION_LEVEL = "-Onone";
			};
			name = Debug;
		};
		3329CCB521ECB187003421D1 /* Release */ = {
			isa = XCBuildConfiguration;
			buildSettings = {
				ALWAYS_SEARCH_USER_PATHS = NO;
				CLANG_ANALYZER_NONNULL = YES;
				CLANG_ANALYZER_NUMBER_OBJECT_CONVERSION = YES_AGGRESSIVE;
				CLANG_CXX_LANGUAGE_STANDARD = "gnu++14";
				CLANG_CXX_LIBRARY = "libc++";
				CLANG_ENABLE_MODULES = YES;
				CLANG_ENABLE_OBJC_ARC = YES;
				CLANG_ENABLE_OBJC_WEAK = YES;
				CLANG_WARN_BLOCK_CAPTURE_AUTORELEASING = YES;
				CLANG_WARN_BOOL_CONVERSION = YES;
				CLANG_WARN_COMMA = YES;
				CLANG_WARN_CONSTANT_CONVERSION = YES;
				CLANG_WARN_DEPRECATED_OBJC_IMPLEMENTATIONS = YES;
				CLANG_WARN_DIRECT_OBJC_ISA_USAGE = YES_ERROR;
				CLANG_WARN_DOCUMENTATION_COMMENTS = YES;
				CLANG_WARN_EMPTY_BODY = YES;
				CLANG_WARN_ENUM_CONVERSION = YES;
				CLANG_WARN_INFINITE_RECURSION = YES;
				CLANG_WARN_INT_CONVERSION = YES;
				CLANG_WARN_NON_LITERAL_NULL_CONVERSION = YES;
				CLANG_WARN_OBJC_IMPLICIT_RETAIN_SELF = YES;
				CLANG_WARN_OBJC_LITERAL_CONVERSION = YES;
				CLANG_WARN_OBJC_ROOT_CLASS = YES_ERROR;
				CLANG_WARN_RANGE_LOOP_ANALYSIS = YES;
				CLANG_WARN_STRICT_PROTOTYPES = YES;
				CLANG_WARN_SUSPICIOUS_MOVE = YES;
				CLANG_WARN_UNGUARDED_AVAILABILITY = YES_AGGRESSIVE;
				CLANG_WARN_UNREACHABLE_CODE = YES;
				CLANG_WARN__DUPLICATE_METHOD_MATCH = YES;
				CODE_SIGN_IDENTITY = "iPhone Developer";
				COPY_PHASE_STRIP = NO;
				DEBUG_INFORMATION_FORMAT = "dwarf-with-dsym";
				ENABLE_NS_ASSERTIONS = NO;
				ENABLE_STRICT_OBJC_MSGSEND = YES;
				GCC_C_LANGUAGE_STANDARD = gnu11;
				GCC_NO_COMMON_BLOCKS = YES;
				GCC_WARN_64_TO_32_BIT_CONVERSION = YES;
				GCC_WARN_ABOUT_RETURN_TYPE = YES_ERROR;
				GCC_WARN_UNDECLARED_SELECTOR = YES;
				GCC_WARN_UNINITIALIZED_AUTOS = YES_AGGRESSIVE;
				GCC_WARN_UNUSED_FUNCTION = YES;
				GCC_WARN_UNUSED_VARIABLE = YES;
				IPHONEOS_DEPLOYMENT_TARGET = 12.1;
				MTL_ENABLE_DEBUG_INFO = NO;
				MTL_FAST_MATH = YES;
				SDKROOT = iphoneos;
				SWIFT_COMPILATION_MODE = wholemodule;
				SWIFT_OPTIMIZATION_LEVEL = "-O";
				VALIDATE_PRODUCT = YES;
			};
			name = Release;
		};
		3329CCB721ECB187003421D1 /* Debug */ = {
			isa = XCBuildConfiguration;
			buildSettings = {
				ASSETCATALOG_COMPILER_APPICON_NAME = AppIcon;
				CODE_SIGN_STYLE = Automatic;
				DEVELOPMENT_TEAM = 3K3Q6LUZQK;
				FRAMEWORK_SEARCH_PATHS = (
					"$(inherited)",
					"$(PROJECT_DIR)/CassbySDKTest",
					"$(PROJECT_DIR)/Carthage/Build/iOS",
				);
				INFOPLIST_FILE = CassbySDKTest/Info.plist;
				LD_RUNPATH_SEARCH_PATHS = (
					"$(inherited)",
					"@executable_path/Frameworks",
				);
				PRODUCT_BUNDLE_IDENTIFIER = kazinets.CassbySDKTest;
				PRODUCT_NAME = "$(TARGET_NAME)";
				SWIFT_VERSION = 4.2;
				TARGETED_DEVICE_FAMILY = "1,2";
			};
			name = Debug;
		};
		3329CCB821ECB187003421D1 /* Release */ = {
			isa = XCBuildConfiguration;
			buildSettings = {
				ASSETCATALOG_COMPILER_APPICON_NAME = AppIcon;
				CODE_SIGN_STYLE = Automatic;
				DEVELOPMENT_TEAM = 3K3Q6LUZQK;
				FRAMEWORK_SEARCH_PATHS = (
					"$(inherited)",
					"$(PROJECT_DIR)/CassbySDKTest",
					"$(PROJECT_DIR)/Carthage/Build/iOS",
				);
				INFOPLIST_FILE = CassbySDKTest/Info.plist;
				LD_RUNPATH_SEARCH_PATHS = (
					"$(inherited)",
					"@executable_path/Frameworks",
				);
				PRODUCT_BUNDLE_IDENTIFIER = kazinets.CassbySDKTest;
				PRODUCT_NAME = "$(TARGET_NAME)";
				SWIFT_VERSION = 4.2;
				TARGETED_DEVICE_FAMILY = "1,2";
			};
			name = Release;
		};
		3329CCBA21ECB187003421D1 /* Debug */ = {
			isa = XCBuildConfiguration;
			buildSettings = {
				ALWAYS_EMBED_SWIFT_STANDARD_LIBRARIES = YES;
				BUNDLE_LOADER = "$(TEST_HOST)";
				CODE_SIGN_STYLE = Automatic;
				DEVELOPMENT_TEAM = 3K3Q6LUZQK;
				INFOPLIST_FILE = CassbySDKTestTests/Info.plist;
				LD_RUNPATH_SEARCH_PATHS = (
					"$(inherited)",
					"@executable_path/Frameworks",
					"@loader_path/Frameworks",
				);
				PRODUCT_BUNDLE_IDENTIFIER = kazinets.CassbySDKTestTests;
				PRODUCT_NAME = "$(TARGET_NAME)";
				SWIFT_VERSION = 4.2;
				TARGETED_DEVICE_FAMILY = "1,2";
				TEST_HOST = "$(BUILT_PRODUCTS_DIR)/CassbySDKTest.app/CassbySDKTest";
			};
			name = Debug;
		};
		3329CCBB21ECB187003421D1 /* Release */ = {
			isa = XCBuildConfiguration;
			buildSettings = {
				ALWAYS_EMBED_SWIFT_STANDARD_LIBRARIES = YES;
				BUNDLE_LOADER = "$(TEST_HOST)";
				CODE_SIGN_STYLE = Automatic;
				DEVELOPMENT_TEAM = 3K3Q6LUZQK;
				INFOPLIST_FILE = CassbySDKTestTests/Info.plist;
				LD_RUNPATH_SEARCH_PATHS = (
					"$(inherited)",
					"@executable_path/Frameworks",
					"@loader_path/Frameworks",
				);
				PRODUCT_BUNDLE_IDENTIFIER = kazinets.CassbySDKTestTests;
				PRODUCT_NAME = "$(TARGET_NAME)";
				SWIFT_VERSION = 4.2;
				TARGETED_DEVICE_FAMILY = "1,2";
				TEST_HOST = "$(BUILT_PRODUCTS_DIR)/CassbySDKTest.app/CassbySDKTest";
			};
			name = Release;
		};
		3329CCBD21ECB187003421D1 /* Debug */ = {
			isa = XCBuildConfiguration;
			buildSettings = {
				ALWAYS_EMBED_SWIFT_STANDARD_LIBRARIES = YES;
				CODE_SIGN_STYLE = Automatic;
				DEVELOPMENT_TEAM = 3K3Q6LUZQK;
				INFOPLIST_FILE = CassbySDKTestUITests/Info.plist;
				LD_RUNPATH_SEARCH_PATHS = (
					"$(inherited)",
					"@executable_path/Frameworks",
					"@loader_path/Frameworks",
				);
				PRODUCT_BUNDLE_IDENTIFIER = kazinets.CassbySDKTestUITests;
				PRODUCT_NAME = "$(TARGET_NAME)";
				SWIFT_VERSION = 4.2;
				TARGETED_DEVICE_FAMILY = "1,2";
				TEST_TARGET_NAME = CassbySDKTest;
			};
			name = Debug;
		};
		3329CCBE21ECB187003421D1 /* Release */ = {
			isa = XCBuildConfiguration;
			buildSettings = {
				ALWAYS_EMBED_SWIFT_STANDARD_LIBRARIES = YES;
				CODE_SIGN_STYLE = Automatic;
				DEVELOPMENT_TEAM = 3K3Q6LUZQK;
				INFOPLIST_FILE = CassbySDKTestUITests/Info.plist;
				LD_RUNPATH_SEARCH_PATHS = (
					"$(inherited)",
					"@executable_path/Frameworks",
					"@loader_path/Frameworks",
				);
				PRODUCT_BUNDLE_IDENTIFIER = kazinets.CassbySDKTestUITests;
				PRODUCT_NAME = "$(TARGET_NAME)";
				SWIFT_VERSION = 4.2;
				TARGETED_DEVICE_FAMILY = "1,2";
				TEST_TARGET_NAME = CassbySDKTest;
			};
			name = Release;
		};
/* End XCBuildConfiguration section */

/* Begin XCConfigurationList section */
		3329CC8921ECB183003421D1 /* Build configuration list for PBXProject "CassbySDKTest" */ = {
			isa = XCConfigurationList;
			buildConfigurations = (
				3329CCB421ECB187003421D1 /* Debug */,
				3329CCB521ECB187003421D1 /* Release */,
			);
			defaultConfigurationIsVisible = 0;
			defaultConfigurationName = Release;
		};
		3329CCB621ECB187003421D1 /* Build configuration list for PBXNativeTarget "CassbySDKTest" */ = {
			isa = XCConfigurationList;
			buildConfigurations = (
				3329CCB721ECB187003421D1 /* Debug */,
				3329CCB821ECB187003421D1 /* Release */,
			);
			defaultConfigurationIsVisible = 0;
			defaultConfigurationName = Release;
		};
		3329CCB921ECB187003421D1 /* Build configuration list for PBXNativeTarget "CassbySDKTestTests" */ = {
			isa = XCConfigurationList;
			buildConfigurations = (
				3329CCBA21ECB187003421D1 /* Debug */,
				3329CCBB21ECB187003421D1 /* Release */,
			);
			defaultConfigurationIsVisible = 0;
			defaultConfigurationName = Release;
		};
		3329CCBC21ECB187003421D1 /* Build configuration list for PBXNativeTarget "CassbySDKTestUITests" */ = {
			isa = XCConfigurationList;
			buildConfigurations = (
				3329CCBD21ECB187003421D1 /* Debug */,
				3329CCBE21ECB187003421D1 /* Release */,
			);
			defaultConfigurationIsVisible = 0;
			defaultConfigurationName = Release;
		};
/* End XCConfigurationList section */
	};
	rootObject = 3329CC8621ECB183003421D1 /* Project object */;
}
